{
  "name": "HiChat",
  "version": "1.0.0",
  "lockfileVersion": 1,
  "requires": true,
  "dependencies": {
    "accepts": {
      "version": "1.3.7",
      "resolved": "https://registry.npm.taobao.org/accepts/download/accepts-1.3.7.tgz",
      "integrity": "sha1-UxvHJlF6OytB+FACHGzBXqq1B80=",
      "dev": true,
      "requires": {
        "mime-types": "~2.1.24",
        "negotiator": "0.6.2"
      }
    },
    "base64id": {
      "version": "2.0.0",
      "resolved": "https://registry.npm.taobao.org/base64id/download/base64id-2.0.0.tgz",
      "integrity": "sha1-J3Csa8R9MSr5eov5pjQ0LgzSXLY=",
      "dev": true
    },
    "component-emitter": {
      "version": "1.3.0",
      "resolved": "https://registry.npm.taobao.org/component-emitter/download/component-emitter-1.3.0.tgz",
      "integrity": "sha1-FuQHD7qK4ptnnyIVhT7hgasuq8A=",
      "dev": true
    },
    "cookie": {
      "version": "0.4.1",
      "resolved": "https://registry.npm.taobao.org/cookie/download/cookie-0.4.1.tgz",
      "integrity": "sha1-r9cT/ibr0hupXOth+agRblClN9E=",
      "dev": true
    },
    "cors": {
      "version": "2.8.5",
      "resolved": "https://registry.npm.taobao.org/cors/download/cors-2.8.5.tgz?cache=0&sync_timestamp=1600349375895&other_urls=https%3A%2F%2Fregistry.npm.taobao.org%2Fcors%2Fdownload%2Fcors-2.8.5.tgz",
      "integrity": "sha1-6sEdpRWS3Ya58G9uesKTs9+HXSk=",
      "dev": true,
      "requires": {
        "object-assign": "^4",
        "vary": "^1"
      }
    },
    "debug": {
      "version": "4.1.1",
      "resolved": "https://registry.npm.taobao.org/debug/download/debug-4.1.1.tgz?cache=0&sync_timestamp=1600502871403&other_urls=https%3A%2F%2Fregistry.npm.taobao.org%2Fdebug%2Fdownload%2Fdebug-4.1.1.tgz",
      "integrity": "sha1-O3ImAlUQnGtYnO4FDx1RYTlmR5E=",
      "dev": true,
      "requires": {
        "ms": "^2.1.1"
      }
    },
    "engine.io": {
      "version": "4.0.1",
      "resolved": "https://registry.npm.taobao.org/engine.io/download/engine.io-4.0.1.tgz?cache=0&sync_timestamp=1603318106885&other_urls=https%3A%2F%2Fregistry.npm.taobao.org%2Fengine.io%2Fdownload%2Fengine.io-4.0.1.tgz",
      "integrity": "sha1-MATR2r7dgjZ5t6KX53oA4OUoAp0=",
      "dev": true,
      "requires": {
        "accepts": "~1.3.4",
        "base64id": "2.0.0",
        "cookie": "~0.4.1",
        "cors": "~2.8.5",
        "debug": "~4.1.0",
        "engine.io-parser": "~4.0.0",
        "ws": "^7.1.2"
      }
    },
    "engine.io-parser": {
      "version": "4.0.1",
      "resolved": "https://registry.npm.taobao.org/engine.io-parser/download/engine.io-parser-4.0.1.tgz?cache=0&other_urls=https%3A%2F%2Fregistry.npm.taobao.org%2Fengine.io-parser%2Fdownload%2Fengine.io-parser-4.0.1.tgz",
      "integrity": "sha1-ZETDzyUjuk/Du67dT+Ql5ryxZHk=",
      "dev": true
    },
    "mime-db": {
      "version": "1.44.0",
      "resolved": "https://registry.npm.taobao.org/mime-db/download/mime-db-1.44.0.tgz?cache=0&sync_timestamp=1600831159918&other_urls=https%3A%2F%2Fregistry.npm.taobao.org%2Fmime-db%2Fdownload%2Fmime-db-1.44.0.tgz",
      "integrity": "sha1-+hHF6wrKEzS0Izy01S8QxaYnL5I=",
      "dev": true
    },
    "mime-types": {
      "version": "2.1.27",
      "resolved": "https://registry.npm.taobao.org/mime-types/download/mime-types-2.1.27.tgz",
      "integrity": "sha1-R5SfmOJ56lMRn1ci4PNOUpvsAJ8=",
      "dev": true,
      "requires": {
        "mime-db": "1.44.0"
      }
    },
    "ms": {
      "version": "2.1.2",
      "resolved": "https://registry.npm.taobao.org/ms/download/ms-2.1.2.tgz",
      "integrity": "sha1-0J0fNXtEP0kzgqjrPM0YOHKuYAk=",
      "dev": true
    },
    "negotiator": {
      "version": "0.6.2",
      "resolved": "https://registry.npm.taobao.org/negotiator/download/negotiator-0.6.2.tgz",
      "integrity": "sha1-/qz3zPUlp3rpY0Q2pkiD/+yjRvs=",
      "dev": true
    },
    "object-assign": {
      "version": "4.1.1",
      "resolved": "https://registry.npm.taobao.org/object-assign/download/object-assign-4.1.1.tgz",
      "integrity": "sha1-IQmtx5ZYh8/AXLvUQsrIv7s2CGM=",
      "dev": true
    },
    "socket.io": {
      "version": "3.0.0",
      "resolved": "https://registry.npm.taobao.org/socket.io/download/socket.io-3.0.0.tgz",
      "integrity": "sha1-S+cna8+MxGsdePeM2eq4bOqTE48=",
      "dev": true,
      "requires": {
        "accepts": "~1.3.4",
        "base64id": "~2.0.0",
        "debug": "~4.1.0",
        "engine.io": "~4.0.0",
        "socket.io-adapter": "~2.0.3",
        "socket.io-parser": "~4.0.1"
      }
    },
    "socket.io-adapter": {
      "version": "2.0.3",
      "resolved": "https://registry.npm.taobao.org/socket.io-adapter/download/socket.io-adapter-2.0.3.tgz?cache=0&sync_timestamp=1604588204517&other_urls=https%3A%2F%2Fregistry.npm.taobao.org%2Fsocket.io-adapter%2Fdownload%2Fsocket.io-adapter-2.0.3.tgz",
      "integrity": "sha1-Nyt83npTX8T08NWsf3OVKjBi1Dg=",
      "dev": true
    },
    "socket.io-parser": {
      "version": "4.0.1",
      "resolved": "https://registry.npm.taobao.org/socket.io-parser/download/socket.io-parser-4.0.1.tgz?cache=0&sync_timestamp=1604587404483&other_urls=https%3A%2F%2Fregistry.npm.taobao.org%2Fsocket.io-parser%2Fdownload%2Fsocket.io-parser-4.0.1.tgz",
      "integrity": "sha1-uOyENkxzaa0yrgwW3U04jbGbOgQ=",
      "dev": true,
      "requires": {
        "component-emitter": "~1.3.0",
        "debug": "~4.1.0"
      }
    },
    "vary": {
      "version": "1.1.2",
      "resolved": "https://registry.npm.taobao.org/vary/download/vary-1.1.2.tgz",
      "integrity": "sha1-IpnwLG3tMNSllhsLn3RSShj2NPw=",
      "dev": true
    },
    "ws": {
      "version": "7.3.1",
      "resolved": "https://registry.npm.taobao.org/ws/download/ws-7.3.1.tgz?cache=0&sync_timestamp=1593925746458&other_urls=https%3A%2F%2Fregistry.npm.taobao.org%2Fws%2Fdownload%2Fws-7.3.1.tgz",
      "integrity": "sha1-0FR79n985PEqct/jEmLGjX3FUcg=",
      "dev": true
    }
  }
}
